
Microsoft Visual Studio Solution File, Format Version 12.00
# Visual Studio Version 16
VisualStudioVersion = 16.0.30114.105
MinimumVisualStudioVersion = 10.0.40219.1
Project("{FAE04EC0-301F-11D3-BF4B-00C04F79EFBC}") = "ProjetoMercadoLivre.Lib", "ProjetoMercadoLivre.Lib\ProjetoMercadoLivre.Lib.csproj", "{5950C28A-844F-4F71-91DC-FF8DD7D07C66}"
EndProject
Project("{FAE04EC0-301F-11D3-BF4B-00C04F79EFBC}") = "ProjetoMercadoLivre.Web", "ProjetoMercadoLivre.Web\ProjetoMercadoLivre.Web.csproj", "{B1C9176A-9258-4ADC-86F7-359D4406F297}"
EndProject
Global
	GlobalSection(SolutionConfigurationPlatforms) = preSolution
		Debug|Any CPU = Debug|Any CPU
		Release|Any CPU = Release|Any CPU
	EndGlobalSection
	GlobalSection(SolutionProperties) = preSolution
		HideSolutionNode = FALSE
	EndGlobalSection
	GlobalSection(ProjectConfigurationPlatforms) = postSolution
		{5950C28A-844F-4F71-91DC-FF8DD7D07C66}.Debug|Any CPU.ActiveCfg = Debug|Any CPU
		{5950C28A-844F-4F71-91DC-FF8DD7D07C66}.Debug|Any CPU.Build.0 = Debug|Any CPU
		{5950C28A-844F-4F71-91DC-FF8DD7D07C66}.Release|Any CPU.ActiveCfg = Release|Any CPU
		{5950C28A-844F-4F71-91DC-FF8DD7D07C66}.Release|Any CPU.Build.0 = Release|Any CPU
		{B1C9176A-9258-4ADC-86F7-359D4406F297}.Debug|Any CPU.ActiveCfg = Debug|Any CPU
		{B1C9176A-9258-4ADC-86F7-359D4406F297}.Debug|Any CPU.Build.0 = Debug|Any CPU
		{B1C9176A-9258-4ADC-86F7-359D4406F297}.Release|Any CPU.ActiveCfg = Release|Any CPU
		{B1C9176A-9258-4ADC-86F7-359D4406F297}.Release|Any CPU.Build.0 = Release|Any CPU
	EndGlobalSection
EndGlobal
